// !$*UTF8*$!
{
	archiveVersion = 1;
	classes = {
	};
	objectVersion = 50;
	objects = {

/* Begin PBXBuildFile section */
		32CB8A2563020F425B9C78C0 /* Pods_HackerNewsApp.framework in Frameworks */ = {isa = PBXBuildFile; fileRef = 0E941AF79F97C3756A07BE58 /* Pods_HackerNewsApp.framework */; };
		FC6402B920C99F6300D81B96 /* AppDelegate.swift in Sources */ = {isa = PBXBuildFile; fileRef = FC6402B820C99F6300D81B96 /* AppDelegate.swift */; };
		FC6402BB20C99F6300D81B96 /* BaseViewController.swift in Sources */ = {isa = PBXBuildFile; fileRef = FC6402BA20C99F6300D81B96 /* BaseViewController.swift */; };
		FC6402BE20C99F6300D81B96 /* Main.storyboard in Resources */ = {isa = PBXBuildFile; fileRef = FC6402BC20C99F6300D81B96 /* Main.storyboard */; };
		FC6402C020C99F6600D81B96 /* Assets.xcassets in Resources */ = {isa = PBXBuildFile; fileRef = FC6402BF20C99F6600D81B96 /* Assets.xcassets */; };
		FC6402C320C99F6600D81B96 /* LaunchScreen.storyboard in Resources */ = {isa = PBXBuildFile; fileRef = FC6402C120C99F6600D81B96 /* LaunchScreen.storyboard */; };
		FC6402CB20C9A6DA00D81B96 /* Items.swift in Sources */ = {isa = PBXBuildFile; fileRef = FC6402CA20C9A6DA00D81B96 /* Items.swift */; };
		FC6402CD20C9A76F00D81B96 /* ItemType.swift in Sources */ = {isa = PBXBuildFile; fileRef = FC6402CC20C9A76F00D81B96 /* ItemType.swift */; };
		FC6402CF20C9B19500D81B96 /* User.swift in Sources */ = {isa = PBXBuildFile; fileRef = FC6402CE20C9B19500D81B96 /* User.swift */; };
		FC6402D220C9C65900D81B96 /* Coordinator.swift in Sources */ = {isa = PBXBuildFile; fileRef = FC6402D120C9C65900D81B96 /* Coordinator.swift */; };
		FC6402D420C9C82C00D81B96 /* NewsCoordinator.swift in Sources */ = {isa = PBXBuildFile; fileRef = FC6402D320C9C82C00D81B96 /* NewsCoordinator.swift */; };
		FC6402D620C9C87000D81B96 /* ItemDetailCoordinator.swift in Sources */ = {isa = PBXBuildFile; fileRef = FC6402D520C9C87000D81B96 /* ItemDetailCoordinator.swift */; };
		FC6402DA20C9CB0A00D81B96 /* TableViewController.swift in Sources */ = {isa = PBXBuildFile; fileRef = FC6402D920C9CB0A00D81B96 /* TableViewController.swift */; };
		FC6402DC20C9CFC500D81B96 /* BaseTableViewController.swift in Sources */ = {isa = PBXBuildFile; fileRef = FC6402DB20C9CFC500D81B96 /* BaseTableViewController.swift */; };
		FC6402DF20C9D54B00D81B96 /* NewsTableViewModel.swift in Sources */ = {isa = PBXBuildFile; fileRef = FC6402DE20C9D54B00D81B96 /* NewsTableViewModel.swift */; };
		FCCBF8B820CB259E00C954E1 /* Service.swift in Sources */ = {isa = PBXBuildFile; fileRef = FCCBF8B720CB259E00C954E1 /* Service.swift */; };
		FCCBF8BA20CB264C00C954E1 /* HackerNewsService.swift in Sources */ = {isa = PBXBuildFile; fileRef = FCCBF8B920CB264C00C954E1 /* HackerNewsService.swift */; };
		FCCBF8E020CF4DC900C954E1 /* StoryBase.swift in Sources */ = {isa = PBXBuildFile; fileRef = FCCBF8DF20CF4DC900C954E1 /* StoryBase.swift */; };
		FCCBF8E220CF4DE200C954E1 /* Story.swift in Sources */ = {isa = PBXBuildFile; fileRef = FCCBF8E120CF4DE200C954E1 /* Story.swift */; };
		FCCBF8E420CF4DEF00C954E1 /* Ask.swift in Sources */ = {isa = PBXBuildFile; fileRef = FCCBF8E320CF4DEF00C954E1 /* Ask.swift */; };
		FCCBF8E620CF4DFD00C954E1 /* Comment.swift in Sources */ = {isa = PBXBuildFile; fileRef = FCCBF8E520CF4DFD00C954E1 /* Comment.swift */; };
		FCCBF8E820CF4E0B00C954E1 /* Job.swift in Sources */ = {isa = PBXBuildFile; fileRef = FCCBF8E720CF4E0B00C954E1 /* Job.swift */; };
		FCCBF8EA20CF4E2000C954E1 /* PollBase.swift in Sources */ = {isa = PBXBuildFile; fileRef = FCCBF8E920CF4E2000C954E1 /* PollBase.swift */; };
		FCCBF8EC20CF4E2F00C954E1 /* Poll.swift in Sources */ = {isa = PBXBuildFile; fileRef = FCCBF8EB20CF4E2F00C954E1 /* Poll.swift */; };
		FCCBF8EE20CF4E3B00C954E1 /* PollOpt.swift in Sources */ = {isa = PBXBuildFile; fileRef = FCCBF8ED20CF4E3B00C954E1 /* PollOpt.swift */; };
		FCCBF8F020D06A2500C954E1 /* Theme.swift in Sources */ = {isa = PBXBuildFile; fileRef = FCCBF8EF20D06A2500C954E1 /* Theme.swift */; };
		FCCBF8F220D06C2500C954E1 /* ItemTableViewCell.swift in Sources */ = {isa = PBXBuildFile; fileRef = FCCBF8F120D06C2500C954E1 /* ItemTableViewCell.swift */; };
		FCCBF8F420D06D2200C954E1 /* Registerable.swift in Sources */ = {isa = PBXBuildFile; fileRef = FCCBF8F320D06D2200C954E1 /* Registerable.swift */; };
/* End PBXBuildFile section */

/* Begin PBXFileReference section */
		0B2A71A3D9F4D8A6B5C23EA5 /* Pods-HackerNewsApp.debug.xcconfig */ = {isa = PBXFileReference; includeInIndex = 1; lastKnownFileType = text.xcconfig; name = "Pods-HackerNewsApp.debug.xcconfig"; path = "Pods/Target Support Files/Pods-HackerNewsApp/Pods-HackerNewsApp.debug.xcconfig"; sourceTree = "<group>"; };
		0E941AF79F97C3756A07BE58 /* Pods_HackerNewsApp.framework */ = {isa = PBXFileReference; explicitFileType = wrapper.framework; includeInIndex = 0; path = Pods_HackerNewsApp.framework; sourceTree = BUILT_PRODUCTS_DIR; };
		67C206DEBE14D4B3A6A713AC /* Pods-HackerNewsApp.release.xcconfig */ = {isa = PBXFileReference; includeInIndex = 1; lastKnownFileType = text.xcconfig; name = "Pods-HackerNewsApp.release.xcconfig"; path = "Pods/Target Support Files/Pods-HackerNewsApp/Pods-HackerNewsApp.release.xcconfig"; sourceTree = "<group>"; };
		FC6402B520C99F6300D81B96 /* HackerNewsApp.app */ = {isa = PBXFileReference; explicitFileType = wrapper.application; includeInIndex = 0; path = HackerNewsApp.app; sourceTree = BUILT_PRODUCTS_DIR; };
		FC6402B820C99F6300D81B96 /* AppDelegate.swift */ = {isa = PBXFileReference; lastKnownFileType = sourcecode.swift; path = AppDelegate.swift; sourceTree = "<group>"; };
		FC6402BA20C99F6300D81B96 /* BaseViewController.swift */ = {isa = PBXFileReference; lastKnownFileType = sourcecode.swift; path = BaseViewController.swift; sourceTree = "<group>"; };
		FC6402BD20C99F6300D81B96 /* Base */ = {isa = PBXFileReference; lastKnownFileType = file.storyboard; name = Base; path = Base.lproj/Main.storyboard; sourceTree = "<group>"; };
		FC6402BF20C99F6600D81B96 /* Assets.xcassets */ = {isa = PBXFileReference; lastKnownFileType = folder.assetcatalog; path = Assets.xcassets; sourceTree = "<group>"; };
		FC6402C220C99F6600D81B96 /* Base */ = {isa = PBXFileReference; lastKnownFileType = file.storyboard; name = Base; path = Base.lproj/LaunchScreen.storyboard; sourceTree = "<group>"; };
		FC6402C420C99F6600D81B96 /* Info.plist */ = {isa = PBXFileReference; lastKnownFileType = text.plist.xml; path = Info.plist; sourceTree = "<group>"; };
		FC6402CA20C9A6DA00D81B96 /* Items.swift */ = {isa = PBXFileReference; lastKnownFileType = sourcecode.swift; path = Items.swift; sourceTree = "<group>"; };
		FC6402CC20C9A76F00D81B96 /* ItemType.swift */ = {isa = PBXFileReference; lastKnownFileType = sourcecode.swift; path = ItemType.swift; sourceTree = "<group>"; };
		FC6402CE20C9B19500D81B96 /* User.swift */ = {isa = PBXFileReference; lastKnownFileType = sourcecode.swift; path = User.swift; sourceTree = "<group>"; };
		FC6402D120C9C65900D81B96 /* Coordinator.swift */ = {isa = PBXFileReference; lastKnownFileType = sourcecode.swift; path = Coordinator.swift; sourceTree = "<group>"; };
		FC6402D320C9C82C00D81B96 /* NewsCoordinator.swift */ = {isa = PBXFileReference; lastKnownFileType = sourcecode.swift; path = NewsCoordinator.swift; sourceTree = "<group>"; };
		FC6402D520C9C87000D81B96 /* ItemDetailCoordinator.swift */ = {isa = PBXFileReference; lastKnownFileType = sourcecode.swift; path = ItemDetailCoordinator.swift; sourceTree = "<group>"; };
		FC6402D920C9CB0A00D81B96 /* TableViewController.swift */ = {isa = PBXFileReference; lastKnownFileType = sourcecode.swift; path = TableViewController.swift; sourceTree = "<group>"; };
		FC6402DB20C9CFC500D81B96 /* BaseTableViewController.swift */ = {isa = PBXFileReference; lastKnownFileType = sourcecode.swift; path = BaseTableViewController.swift; sourceTree = "<group>"; };
		FC6402DE20C9D54B00D81B96 /* NewsTableViewModel.swift */ = {isa = PBXFileReference; lastKnownFileType = sourcecode.swift; path = NewsTableViewModel.swift; sourceTree = "<group>"; };
		FCCBF8B720CB259E00C954E1 /* Service.swift */ = {isa = PBXFileReference; lastKnownFileType = sourcecode.swift; path = Service.swift; sourceTree = "<group>"; };
		FCCBF8B920CB264C00C954E1 /* HackerNewsService.swift */ = {isa = PBXFileReference; lastKnownFileType = sourcecode.swift; path = HackerNewsService.swift; sourceTree = "<group>"; };
		FCCBF8DF20CF4DC900C954E1 /* StoryBase.swift */ = {isa = PBXFileReference; lastKnownFileType = sourcecode.swift; path = StoryBase.swift; sourceTree = "<group>"; };
		FCCBF8E120CF4DE200C954E1 /* Story.swift */ = {isa = PBXFileReference; lastKnownFileType = sourcecode.swift; path = Story.swift; sourceTree = "<group>"; };
		FCCBF8E320CF4DEF00C954E1 /* Ask.swift */ = {isa = PBXFileReference; lastKnownFileType = sourcecode.swift; path = Ask.swift; sourceTree = "<group>"; };
		FCCBF8E520CF4DFD00C954E1 /* Comment.swift */ = {isa = PBXFileReference; lastKnownFileType = sourcecode.swift; path = Comment.swift; sourceTree = "<group>"; };
		FCCBF8E720CF4E0B00C954E1 /* Job.swift */ = {isa = PBXFileReference; lastKnownFileType = sourcecode.swift; path = Job.swift; sourceTree = "<group>"; };
		FCCBF8E920CF4E2000C954E1 /* PollBase.swift */ = {isa = PBXFileReference; lastKnownFileType = sourcecode.swift; path = PollBase.swift; sourceTree = "<group>"; };
		FCCBF8EB20CF4E2F00C954E1 /* Poll.swift */ = {isa = PBXFileReference; lastKnownFileType = sourcecode.swift; path = Poll.swift; sourceTree = "<group>"; };
		FCCBF8ED20CF4E3B00C954E1 /* PollOpt.swift */ = {isa = PBXFileReference; lastKnownFileType = sourcecode.swift; path = PollOpt.swift; sourceTree = "<group>"; };
		FCCBF8EF20D06A2500C954E1 /* Theme.swift */ = {isa = PBXFileReference; lastKnownFileType = sourcecode.swift; path = Theme.swift; sourceTree = "<group>"; };
		FCCBF8F120D06C2500C954E1 /* ItemTableViewCell.swift */ = {isa = PBXFileReference; lastKnownFileType = sourcecode.swift; path = ItemTableViewCell.swift; sourceTree = "<group>"; };
		FCCBF8F320D06D2200C954E1 /* Registerable.swift */ = {isa = PBXFileReference; lastKnownFileType = sourcecode.swift; path = Registerable.swift; sourceTree = "<group>"; };
/* End PBXFileReference section */

/* Begin PBXFrameworksBuildPhase section */
		FC6402B220C99F6300D81B96 /* Frameworks */ = {
			isa = PBXFrameworksBuildPhase;
			buildActionMask = 2147483647;
			files = (
				32CB8A2563020F425B9C78C0 /* Pods_HackerNewsApp.framework in Frameworks */,
			);
			runOnlyForDeploymentPostprocessing = 0;
		};
/* End PBXFrameworksBuildPhase section */

/* Begin PBXGroup section */
		7EF207C98AAA0C1DAAE2F597 /* Pods */ = {
			isa = PBXGroup;
			children = (
				0B2A71A3D9F4D8A6B5C23EA5 /* Pods-HackerNewsApp.debug.xcconfig */,
				67C206DEBE14D4B3A6A713AC /* Pods-HackerNewsApp.release.xcconfig */,
			);
			name = Pods;
			sourceTree = "<group>";
		};
		ADA5EFB059AF6E3F74EEF62A /* Frameworks */ = {
			isa = PBXGroup;
			children = (
				0E941AF79F97C3756A07BE58 /* Pods_HackerNewsApp.framework */,
			);
			name = Frameworks;
			sourceTree = "<group>";
		};
		FC6402AC20C99F6300D81B96 = {
			isa = PBXGroup;
			children = (
				FC6402B720C99F6300D81B96 /* HackerNewsApp */,
				FC6402B620C99F6300D81B96 /* Products */,
				7EF207C98AAA0C1DAAE2F597 /* Pods */,
				ADA5EFB059AF6E3F74EEF62A /* Frameworks */,
			);
			sourceTree = "<group>";
		};
		FC6402B620C99F6300D81B96 /* Products */ = {
			isa = PBXGroup;
			children = (
				FC6402B520C99F6300D81B96 /* HackerNewsApp.app */,
			);
			name = Products;
			sourceTree = "<group>";
		};
		FC6402B720C99F6300D81B96 /* HackerNewsApp */ = {
			isa = PBXGroup;
			children = (
				FC6402B820C99F6300D81B96 /* AppDelegate.swift */,
				FCCBF8F620D0889D00C954E1 /* Views */,
				FCCBF8F520D0888F00C954E1 /* Service */,
				FC6402DD20C9D53800D81B96 /* ViewModels */,
				FC6402D820C9C94C00D81B96 /* ViewControllers */,
				FC6402D720C9C93800D81B96 /* Coordinators */,
				FC6402D020C9B27000D81B96 /* Models */,
				FC6402BC20C99F6300D81B96 /* Main.storyboard */,
				FC6402BF20C99F6600D81B96 /* Assets.xcassets */,
				FC6402C120C99F6600D81B96 /* LaunchScreen.storyboard */,
				FC6402C420C99F6600D81B96 /* Info.plist */,
			);
			path = HackerNewsApp;
			sourceTree = "<group>";
		};
		FC6402D020C9B27000D81B96 /* Models */ = {
			isa = PBXGroup;
			children = (
				FC6402CC20C9A76F00D81B96 /* ItemType.swift */,
				FC6402CA20C9A6DA00D81B96 /* Items.swift */,
				FCCBF8EB20CF4E2F00C954E1 /* Poll.swift */,
				FCCBF8ED20CF4E3B00C954E1 /* PollOpt.swift */,
				FCCBF8E920CF4E2000C954E1 /* PollBase.swift */,
				FCCBF8E720CF4E0B00C954E1 /* Job.swift */,
				FCCBF8E520CF4DFD00C954E1 /* Comment.swift */,
				FCCBF8E320CF4DEF00C954E1 /* Ask.swift */,
				FCCBF8E120CF4DE200C954E1 /* Story.swift */,
				FCCBF8DF20CF4DC900C954E1 /* StoryBase.swift */,
				FC6402CE20C9B19500D81B96 /* User.swift */,
			);
			path = Models;
			sourceTree = "<group>";
		};
		FC6402D720C9C93800D81B96 /* Coordinators */ = {
			isa = PBXGroup;
			children = (
				FC6402D120C9C65900D81B96 /* Coordinator.swift */,
				FC6402D320C9C82C00D81B96 /* NewsCoordinator.swift */,
				FC6402D520C9C87000D81B96 /* ItemDetailCoordinator.swift */,
			);
			path = Coordinators;
			sourceTree = "<group>";
		};
		FC6402D820C9C94C00D81B96 /* ViewControllers */ = {
			isa = PBXGroup;
			children = (
				FC6402BA20C99F6300D81B96 /* BaseViewController.swift */,
				FC6402DB20C9CFC500D81B96 /* BaseTableViewController.swift */,
				FC6402D920C9CB0A00D81B96 /* TableViewController.swift */,
			);
			path = ViewControllers;
			sourceTree = "<group>";
		};
		FC6402DD20C9D53800D81B96 /* ViewModels */ = {
			isa = PBXGroup;
			children = (
				FC6402DE20C9D54B00D81B96 /* NewsTableViewModel.swift */,
				FCCBF8EF20D06A2500C954E1 /* Theme.swift */,
			);
			path = ViewModels;
			sourceTree = "<group>";
		};
		FCCBF8F520D0888F00C954E1 /* Service */ = {
			isa = PBXGroup;
			children = (
				FCCBF8B720CB259E00C954E1 /* Service.swift */,
				FCCBF8B920CB264C00C954E1 /* HackerNewsService.swift */,
			);
			path = Service;
			sourceTree = "<group>";
		};
		FCCBF8F620D0889D00C954E1 /* Views */ = {
			isa = PBXGroup;
			children = (
				FCCBF8F320D06D2200C954E1 /* Registerable.swift */,
				FCCBF8F120D06C2500C954E1 /* ItemTableViewCell.swift */,
			);
			path = Views;
			sourceTree = "<group>";
		};
/* End PBXGroup section */

/* Begin PBXNativeTarget section */
		FC6402B420C99F6300D81B96 /* HackerNewsApp */ = {
			isa = PBXNativeTarget;
			buildConfigurationList = FC6402C720C99F6600D81B96 /* Build configuration list for PBXNativeTarget "HackerNewsApp" */;
			buildPhases = (
				4F32B41D10A43FA339D45940 /* [CP] Check Pods Manifest.lock */,
				FC6402B120C99F6300D81B96 /* Sources */,
				FC6402B220C99F6300D81B96 /* Frameworks */,
				FC6402B320C99F6300D81B96 /* Resources */,
				8DBF5279EDE88354D4CE834F /* [CP] Embed Pods Frameworks */,
				9CB8457EBD9EC27A7CAD5F66 /* [CP] Copy Pods Resources */,
			);
			buildRules = (
			);
			dependencies = (
			);
			name = HackerNewsApp;
			productName = HackerNewsApp;
			productReference = FC6402B520C99F6300D81B96 /* HackerNewsApp.app */;
			productType = "com.apple.product-type.application";
		};
/* End PBXNativeTarget section */

/* Begin PBXProject section */
		FC6402AD20C99F6300D81B96 /* Project object */ = {
			isa = PBXProject;
			attributes = {
				LastSwiftUpdateCheck = 0940;
				LastUpgradeCheck = 0940;
				ORGANIZATIONNAME = "Raza Padhani";
				TargetAttributes = {
					FC6402B420C99F6300D81B96 = {
						CreatedOnToolsVersion = 9.4;
					};
				};
			};
			buildConfigurationList = FC6402B020C99F6300D81B96 /* Build configuration list for PBXProject "HackerNewsApp" */;
			compatibilityVersion = "Xcode 9.3";
			developmentRegion = en;
			hasScannedForEncodings = 0;
			knownRegions = (
				en,
				Base,
			);
			mainGroup = FC6402AC20C99F6300D81B96;
			productRefGroup = FC6402B620C99F6300D81B96 /* Products */;
			projectDirPath = "";
			projectRoot = "";
			targets = (
				FC6402B420C99F6300D81B96 /* HackerNewsApp */,
			);
		};
/* End PBXProject section */

/* Begin PBXResourcesBuildPhase section */
		FC6402B320C99F6300D81B96 /* Resources */ = {
			isa = PBXResourcesBuildPhase;
			buildActionMask = 2147483647;
			files = (
				FC6402C320C99F6600D81B96 /* LaunchScreen.storyboard in Resources */,
				FC6402C020C99F6600D81B96 /* Assets.xcassets in Resources */,
				FC6402BE20C99F6300D81B96 /* Main.storyboard in Resources */,
			);
			runOnlyForDeploymentPostprocessing = 0;
		};
/* End PBXResourcesBuildPhase section */

/* Begin PBXShellScriptBuildPhase section */
		4F32B41D10A43FA339D45940 /* [CP] Check Pods Manifest.lock */ = {
			isa = PBXShellScriptBuildPhase;
			buildActionMask = 2147483647;
			files = (
			);
			inputPaths = (
				"${PODS_PODFILE_DIR_PATH}/Podfile.lock",
				"${PODS_ROOT}/Manifest.lock",
			);
			name = "[CP] Check Pods Manifest.lock";
			outputPaths = (
				"$(DERIVED_FILE_DIR)/Pods-HackerNewsApp-checkManifestLockResult.txt",
			);
			runOnlyForDeploymentPostprocessing = 0;
			shellPath = /bin/sh;
			shellScript = "diff \"${PODS_PODFILE_DIR_PATH}/Podfile.lock\" \"${PODS_ROOT}/Manifest.lock\" > /dev/null\nif [ $? != 0 ] ; then\n    # print error to STDERR\n    echo \"error: The sandbox is not in sync with the Podfile.lock. Run 'pod install' or update your CocoaPods installation.\" >&2\n    exit 1\nfi\n# This output is used by Xcode 'outputs' to avoid re-running this script phase.\necho \"SUCCESS\" > \"${SCRIPT_OUTPUT_FILE_0}\"\n";
			showEnvVarsInLog = 0;
		};
		8DBF5279EDE88354D4CE834F /* [CP] Embed Pods Frameworks */ = {
			isa = PBXShellScriptBuildPhase;
			buildActionMask = 2147483647;
			files = (
			);
			inputPaths = (
				"${SRCROOT}/Pods/Target Support Files/Pods-HackerNewsApp/Pods-HackerNewsApp-frameworks.sh",
				"${BUILT_PRODUCTS_DIR}/Alamofire/Alamofire.framework",
				"${BUILT_PRODUCTS_DIR}/RxCocoa/RxCocoa.framework",
				"${BUILT_PRODUCTS_DIR}/RxSwift/RxSwift.framework",
				"${BUILT_PRODUCTS_DIR}/SwiftyJSON/SwiftyJSON.framework",
			);
			name = "[CP] Embed Pods Frameworks";
			outputPaths = (
				"${TARGET_BUILD_DIR}/${FRAMEWORKS_FOLDER_PATH}/Alamofire.framework",
				"${TARGET_BUILD_DIR}/${FRAMEWORKS_FOLDER_PATH}/RxCocoa.framework",
				"${TARGET_BUILD_DIR}/${FRAMEWORKS_FOLDER_PATH}/RxSwift.framework",
				"${TARGET_BUILD_DIR}/${FRAMEWORKS_FOLDER_PATH}/SwiftyJSON.framework",
			);
			runOnlyForDeploymentPostprocessing = 0;
			shellPath = /bin/sh;
			shellScript = "\"${SRCROOT}/Pods/Target Support Files/Pods-HackerNewsApp/Pods-HackerNewsApp-frameworks.sh\"\n";
			showEnvVarsInLog = 0;
		};
		9CB8457EBD9EC27A7CAD5F66 /* [CP] Copy Pods Resources */ = {
			isa = PBXShellScriptBuildPhase;
			buildActionMask = 2147483647;
			files = (
			);
			inputPaths = (
			);
			name = "[CP] Copy Pods Resources";
			outputPaths = (
			);
			runOnlyForDeploymentPostprocessing = 0;
			shellPath = /bin/sh;
			shellScript = "\"${SRCROOT}/Pods/Target Support Files/Pods-HackerNewsApp/Pods-HackerNewsApp-resources.sh\"\n";
			showEnvVarsInLog = 0;
		};
/* End PBXShellScriptBuildPhase section */

/* Begin PBXSourcesBuildPhase section */
		FC6402B120C99F6300D81B96 /* Sources */ = {
			isa = PBXSourcesBuildPhase;
			buildActionMask = 2147483647;
			files = (
				FC6402D420C9C82C00D81B96 /* NewsCoordinator.swift in Sources */,
				FCCBF8B820CB259E00C954E1 /* Service.swift in Sources */,
				FC6402BB20C99F6300D81B96 /* BaseViewController.swift in Sources */,
				FCCBF8F020D06A2500C954E1 /* Theme.swift in Sources */,
				FCCBF8F220D06C2500C954E1 /* ItemTableViewCell.swift in Sources */,
				FCCBF8F420D06D2200C954E1 /* Registerable.swift in Sources */,
				FC6402DC20C9CFC500D81B96 /* BaseTableViewController.swift in Sources */,
				FC6402B920C99F6300D81B96 /* AppDelegate.swift in Sources */,
				FC6402D220C9C65900D81B96 /* Coordinator.swift in Sources */,
				FCCBF8E620CF4DFD00C954E1 /* Comment.swift in Sources */,
				FCCBF8E220CF4DE200C954E1 /* Story.swift in Sources */,
				FC6402D620C9C87000D81B96 /* ItemDetailCoordinator.swift in Sources */,
				FCCBF8EE20CF4E3B00C954E1 /* PollOpt.swift in Sources */,
				FCCBF8EC20CF4E2F00C954E1 /* Poll.swift in Sources */,
				FCCBF8BA20CB264C00C954E1 /* HackerNewsService.swift in Sources */,
				FCCBF8EA20CF4E2000C954E1 /* PollBase.swift in Sources */,
				FC6402CD20C9A76F00D81B96 /* ItemType.swift in Sources */,
				FCCBF8E020CF4DC900C954E1 /* StoryBase.swift in Sources */,
				FC6402CF20C9B19500D81B96 /* User.swift in Sources */,
				FC6402CB20C9A6DA00D81B96 /* Items.swift in Sources */,
				FC6402DA20C9CB0A00D81B96 /* TableViewController.swift in Sources */,
				FC6402DF20C9D54B00D81B96 /* NewsTableViewModel.swift in Sources */,
				FCCBF8E420CF4DEF00C954E1 /* Ask.swift in Sources */,
				FCCBF8E820CF4E0B00C954E1 /* Job.swift in Sources */,
			);
			runOnlyForDeploymentPostprocessing = 0;
		};
/* End PBXSourcesBuildPhase section */

/* Begin PBXVariantGroup section */
		FC6402BC20C99F6300D81B96 /* Main.storyboard */ = {
			isa = PBXVariantGroup;
			children = (
				FC6402BD20C99F6300D81B96 /* Base */,
			);
			name = Main.storyboard;
			sourceTree = "<group>";
		};
		FC6402C120C99F6600D81B96 /* LaunchScreen.storyboard */ = {
			isa = PBXVariantGroup;
			children = (
				FC6402C220C99F6600D81B96 /* Base */,
			);
			name = LaunchScreen.storyboard;
			sourceTree = "<group>";
		};
/* End PBXVariantGroup section */

/* Begin XCBuildConfiguration section */
		FC6402C520C99F6600D81B96 /* Debug */ = {
			isa = XCBuildConfiguration;
			buildSettings = {
				ALWAYS_SEARCH_USER_PATHS = NO;
				CLANG_ANALYZER_NONNULL = YES;
				CLANG_ANALYZER_NUMBER_OBJECT_CONVERSION = YES_AGGRESSIVE;
				CLANG_CXX_LANGUAGE_STANDARD = "gnu++14";
				CLANG_CXX_LIBRARY = "libc++";
				CLANG_ENABLE_MODULES = YES;
				CLANG_ENABLE_OBJC_ARC = YES;
				CLANG_ENABLE_OBJC_WEAK = YES;
				CLANG_WARN_BLOCK_CAPTURE_AUTORELEASING = YES;
				CLANG_WARN_BOOL_CONVERSION = YES;
				CLANG_WARN_COMMA = YES;
				CLANG_WARN_CONSTANT_CONVERSION = YES;
				CLANG_WARN_DEPRECATED_OBJC_IMPLEMENTATIONS = YES;
				CLANG_WARN_DIRECT_OBJC_ISA_USAGE = YES_ERROR;
				CLANG_WARN_DOCUMENTATION_COMMENTS = YES;
				CLANG_WARN_EMPTY_BODY = YES;
				CLANG_WARN_ENUM_CONVERSION = YES;
				CLANG_WARN_INFINITE_RECURSION = YES;
				CLANG_WARN_INT_CONVERSION = YES;
				CLANG_WARN_NON_LITERAL_NULL_CONVERSION = YES;
				CLANG_WARN_OBJC_IMPLICIT_RETAIN_SELF = YES;
				CLANG_WARN_OBJC_LITERAL_CONVERSION = YES;
				CLANG_WARN_OBJC_ROOT_CLASS = YES_ERROR;
				CLANG_WARN_RANGE_LOOP_ANALYSIS = YES;
				CLANG_WARN_STRICT_PROTOTYPES = YES;
				CLANG_WARN_SUSPICIOUS_MOVE = YES;
				CLANG_WARN_UNGUARDED_AVAILABILITY = YES_AGGRESSIVE;
				CLANG_WARN_UNREACHABLE_CODE = YES;
				CLANG_WARN__DUPLICATE_METHOD_MATCH = YES;
				CODE_SIGN_IDENTITY = "iPhone Developer";
				COPY_PHASE_STRIP = NO;
				DEBUG_INFORMATION_FORMAT = dwarf;
				ENABLE_STRICT_OBJC_MSGSEND = YES;
				ENABLE_TESTABILITY = YES;
				GCC_C_LANGUAGE_STANDARD = gnu11;
				GCC_DYNAMIC_NO_PIC = NO;
				GCC_NO_COMMON_BLOCKS = YES;
				GCC_OPTIMIZATION_LEVEL = 0;
				GCC_PREPROCESSOR_DEFINITIONS = (
					"DEBUG=1",
					"$(inherited)",
				);
				GCC_WARN_64_TO_32_BIT_CONVERSION = YES;
				GCC_WARN_ABOUT_RETURN_TYPE = YES_ERROR;
				GCC_WARN_UNDECLARED_SELECTOR = YES;
				GCC_WARN_UNINITIALIZED_AUTOS = YES_AGGRESSIVE;
				GCC_WARN_UNUSED_FUNCTION = YES;
				GCC_WARN_UNUSED_VARIABLE = YES;
				IPHONEOS_DEPLOYMENT_TARGET = 11.0;
				MTL_ENABLE_DEBUG_INFO = YES;
				ONLY_ACTIVE_ARCH = YES;
				SDKROOT = iphoneos;
				SWIFT_ACTIVE_COMPILATION_CONDITIONS = DEBUG;
				SWIFT_OPTIMIZATION_LEVEL = "-Onone";
			};
			name = Debug;
		};
		FC6402C620C99F6600D81B96 /* Release */ = {
			isa = XCBuildConfiguration;
			buildSettings = {
				ALWAYS_SEARCH_USER_PATHS = NO;
				CLANG_ANALYZER_NONNULL = YES;
				CLANG_ANALYZER_NUMBER_OBJECT_CONVERSION = YES_AGGRESSIVE;
				CLANG_CXX_LANGUAGE_STANDARD = "gnu++14";
				CLANG_CXX_LIBRARY = "libc++";
				CLANG_ENABLE_MODULES = YES;
				CLANG_ENABLE_OBJC_ARC = YES;
				CLANG_ENABLE_OBJC_WEAK = YES;
				CLANG_WARN_BLOCK_CAPTURE_AUTORELEASING = YES;
				CLANG_WARN_BOOL_CONVERSION = YES;
				CLANG_WARN_COMMA = YES;
				CLANG_WARN_CONSTANT_CONVERSION = YES;
				CLANG_WARN_DEPRECATED_OBJC_IMPLEMENTATIONS = YES;
				CLANG_WARN_DIRECT_OBJC_ISA_USAGE = YES_ERROR;
				CLANG_WARN_DOCUMENTATION_COMMENTS = YES;
				CLANG_WARN_EMPTY_BODY = YES;
				CLANG_WARN_ENUM_CONVERSION = YES;
				CLANG_WARN_INFINITE_RECURSION = YES;
				CLANG_WARN_INT_CONVERSION = YES;
				CLANG_WARN_NON_LITERAL_NULL_CONVERSION = YES;
				CLANG_WARN_OBJC_IMPLICIT_RETAIN_SELF = YES;
				CLANG_WARN_OBJC_LITERAL_CONVERSION = YES;
				CLANG_WARN_OBJC_ROOT_CLASS = YES_ERROR;
				CLANG_WARN_RANGE_LOOP_ANALYSIS = YES;
				CLANG_WARN_STRICT_PROTOTYPES = YES;
				CLANG_WARN_SUSPICIOUS_MOVE = YES;
				CLANG_WARN_UNGUARDED_AVAILABILITY = YES_AGGRESSIVE;
				CLANG_WARN_UNREACHABLE_CODE = YES;
				CLANG_WARN__DUPLICATE_METHOD_MATCH = YES;
				CODE_SIGN_IDENTITY = "iPhone Developer";
				COPY_PHASE_STRIP = NO;
				DEBUG_INFORMATION_FORMAT = "dwarf-with-dsym";
				ENABLE_NS_ASSERTIONS = NO;
				ENABLE_STRICT_OBJC_MSGSEND = YES;
				GCC_C_LANGUAGE_STANDARD = gnu11;
				GCC_NO_COMMON_BLOCKS = YES;
				GCC_WARN_64_TO_32_BIT_CONVERSION = YES;
				GCC_WARN_ABOUT_RETURN_TYPE = YES_ERROR;
				GCC_WARN_UNDECLARED_SELECTOR = YES;
				GCC_WARN_UNINITIALIZED_AUTOS = YES_AGGRESSIVE;
				GCC_WARN_UNUSED_FUNCTION = YES;
				GCC_WARN_UNUSED_VARIABLE = YES;
				IPHONEOS_DEPLOYMENT_TARGET = 11.0;
				MTL_ENABLE_DEBUG_INFO = NO;
				SDKROOT = iphoneos;
				SWIFT_COMPILATION_MODE = wholemodule;
				SWIFT_OPTIMIZATION_LEVEL = "-O";
				VALIDATE_PRODUCT = YES;
			};
			name = Release;
		};
		FC6402C820C99F6600D81B96 /* Debug */ = {
			isa = XCBuildConfiguration;
			baseConfigurationReference = 0B2A71A3D9F4D8A6B5C23EA5 /* Pods-HackerNewsApp.debug.xcconfig */;
			buildSettings = {
				ASSETCATALOG_COMPILER_APPICON_NAME = AppIcon;
				CODE_SIGN_STYLE = Automatic;
				DEVELOPMENT_TEAM = UUBGRA383F;
				INFOPLIST_FILE = HackerNewsApp/Info.plist;
				LD_RUNPATH_SEARCH_PATHS = (
					"$(inherited)",
					"@executable_path/Frameworks",
				);
				PRODUCT_BUNDLE_IDENTIFIER = com.raza.padhani.HackerNewsApp;
				PRODUCT_NAME = "$(TARGET_NAME)";
				SWIFT_VERSION = 4.0;
				TARGETED_DEVICE_FAMILY = "1,2";
			};
			name = Debug;
		};
		FC6402C920C99F6600D81B96 /* Release */ = {
			isa = XCBuildConfiguration;
			baseConfigurationReference = 67C206DEBE14D4B3A6A713AC /* Pods-HackerNewsApp.release.xcconfig */;
			buildSettings = {
				ASSETCATALOG_COMPILER_APPICON_NAME = AppIcon;
				CODE_SIGN_STYLE = Automatic;
				DEVELOPMENT_TEAM = UUBGRA383F;
				INFOPLIST_FILE = HackerNewsApp/Info.plist;
				LD_RUNPATH_SEARCH_PATHS = (
					"$(inherited)",
					"@executable_path/Frameworks",
				);
				PRODUCT_BUNDLE_IDENTIFIER = com.raza.padhani.HackerNewsApp;
				PRODUCT_NAME = "$(TARGET_NAME)";
				SWIFT_VERSION = 4.0;
				TARGETED_DEVICE_FAMILY = "1,2";
			};
			name = Release;
		};
/* End XCBuildConfiguration section */

/* Begin XCConfigurationList section */
		FC6402B020C99F6300D81B96 /* Build configuration list for PBXProject "HackerNewsApp" */ = {
			isa = XCConfigurationList;
			buildConfigurations = (
				FC6402C520C99F6600D81B96 /* Debug */,
				FC6402C620C99F6600D81B96 /* Release */,
			);
			defaultConfigurationIsVisible = 0;
			defaultConfigurationName = Release;
		};
		FC6402C720C99F6600D81B96 /* Build configuration list for PBXNativeTarget "HackerNewsApp" */ = {
			isa = XCConfigurationList;
			buildConfigurations = (
				FC6402C820C99F6600D81B96 /* Debug */,
				FC6402C920C99F6600D81B96 /* Release */,
			);
			defaultConfigurationIsVisible = 0;
			defaultConfigurationName = Release;
		};
/* End XCConfigurationList section */
	};
	rootObject = FC6402AD20C99F6300D81B96 /* Project object */;
}
